{
    "name": "automated-dependency-system",
    "version": "0.0.1-beta.0",
    "lockfileVersion": 3,
    "requires": true,
    "packages": {
        "": {
            "name": "automated-dependency-system",
            "version": "0.0.1-beta.0",
            "license": "MIT",
            "dependencies": {
                "commander": "^10.0.0",
                "semver": "^7.3.5"
            },
            "bin": {
                "ads": "src/cli.js"
            }
        },
        "node_modules/commander": {
            "version": "10.0.1",
            "resolved": "https://registry.npmjs.org/commander/-/commander-10.0.1.tgz",
            "integrity": "sha512-y4Mg2tXshplEbSGzx7amzPwKKOCGuoSRP/CjEdwwk0FOGlUbq6lKuoyDZTNZkmxHdJtp54hdfY/JUrdL7Xfdug==",
            "license": "MIT",
            "engines": {
                "node": ">=14"
            }
        },
        "node_modules/semver": {
            "version": "7.7.1",
            "resolved": "https://registry.npmjs.org/semver/-/semver-7.7.1.tgz",
            "integrity": "sha512-hlq8tAfn0m/61p4BVRcPzIGr6LKiMwo4VM6dGi6pt4qcRkmNzTcWq6eCEjEh+qXjkMDvPlOFFSGwQjoEa6gyMA==",
            "license": "ISC",
            "bin": {
                "semver": "bin/semver.js"
            },
            "engines": {
                "node": ">=10"
            }
        }
    }
}
